
Microsoft Visual Studio Solution File, Format Version 12.00
# Visual Studio 15
VisualStudioVersion = 15.0.27520.0
MinimumVisualStudioVersion = 10.0.40219.1
Project("{FAE04EC0-301F-11D3-BF4B-00C04F79EFBC}") = "Math", "Math\Math.csproj", "{A9509A41-3083-451B-9A33-E82D546651CA}"
EndProject
Project("{FAE04EC0-301F-11D3-BF4B-00C04F79EFBC}") = "AddTests", "AddTests\AddTests.csproj", "{3D38417C-C164-44B7-9085-88040B25F6BB}"
EndProject
Project("{FAE04EC0-301F-11D3-BF4B-00C04F79EFBC}") = "MultTests", "MultTests\MultTests.csproj", "{AB2F9454-DF46-4B67-BC28-C7B906A5D64A}"
EndProject
Project("{FAE04EC0-301F-11D3-BF4B-00C04F79EFBC}") = "SubTests", "SubTests\SubTests.csproj", "{B5E091EB-A712-417F-9DD8-54FEECD0DE56}"
EndProject
Project("{FAE04EC0-301F-11D3-BF4B-00C04F79EFBC}") = "DivTests", "DivTests\DivTests.csproj", "{EF18587D-B533-400C-B539-07D29BE25846}"
EndProject
Project("{FAE04EC0-301F-11D3-BF4B-00C04F79EFBC}") = "SubValidate", "SubValidate\SubValidate.csproj", "{9356CCE6-3ADB-4E80-8CCE-B72F5FF6C9D7}"
EndProject
Global
	GlobalSection(SolutionConfigurationPlatforms) = preSolution
		Debug|Any CPU = Debug|Any CPU
		Release|Any CPU = Release|Any CPU
	EndGlobalSection
	GlobalSection(ProjectConfigurationPlatforms) = postSolution
		{A9509A41-3083-451B-9A33-E82D546651CA}.Debug|Any CPU.ActiveCfg = Debug|Any CPU
		{A9509A41-3083-451B-9A33-E82D546651CA}.Debug|Any CPU.Build.0 = Debug|Any CPU
		{A9509A41-3083-451B-9A33-E82D546651CA}.Release|Any CPU.ActiveCfg = Release|Any CPU
		{A9509A41-3083-451B-9A33-E82D546651CA}.Release|Any CPU.Build.0 = Release|Any CPU
		{3D38417C-C164-44B7-9085-88040B25F6BB}.Debug|Any CPU.ActiveCfg = Debug|Any CPU
		{3D38417C-C164-44B7-9085-88040B25F6BB}.Debug|Any CPU.Build.0 = Debug|Any CPU
		{3D38417C-C164-44B7-9085-88040B25F6BB}.Release|Any CPU.ActiveCfg = Release|Any CPU
		{3D38417C-C164-44B7-9085-88040B25F6BB}.Release|Any CPU.Build.0 = Release|Any CPU
		{AB2F9454-DF46-4B67-BC28-C7B906A5D64A}.Debug|Any CPU.ActiveCfg = Debug|Any CPU
		{AB2F9454-DF46-4B67-BC28-C7B906A5D64A}.Debug|Any CPU.Build.0 = Debug|Any CPU
		{AB2F9454-DF46-4B67-BC28-C7B906A5D64A}.Release|Any CPU.ActiveCfg = Release|Any CPU
		{AB2F9454-DF46-4B67-BC28-C7B906A5D64A}.Release|Any CPU.Build.0 = Release|Any CPU
		{B5E091EB-A712-417F-9DD8-54FEECD0DE56}.Debug|Any CPU.ActiveCfg = Debug|Any CPU
		{B5E091EB-A712-417F-9DD8-54FEECD0DE56}.Debug|Any CPU.Build.0 = Debug|Any CPU
		{B5E091EB-A712-417F-9DD8-54FEECD0DE56}.Release|Any CPU.ActiveCfg = Release|Any CPU
		{B5E091EB-A712-417F-9DD8-54FEECD0DE56}.Release|Any CPU.Build.0 = Release|Any CPU
		{EF18587D-B533-400C-B539-07D29BE25846}.Debug|Any CPU.ActiveCfg = Debug|Any CPU
		{EF18587D-B533-400C-B539-07D29BE25846}.Debug|Any CPU.Build.0 = Debug|Any CPU
		{EF18587D-B533-400C-B539-07D29BE25846}.Release|Any CPU.ActiveCfg = Release|Any CPU
		{EF18587D-B533-400C-B539-07D29BE25846}.Release|Any CPU.Build.0 = Release|Any CPU
		{9356CCE6-3ADB-4E80-8CCE-B72F5FF6C9D7}.Debug|Any CPU.ActiveCfg = Debug|Any CPU
		{9356CCE6-3ADB-4E80-8CCE-B72F5FF6C9D7}.Debug|Any CPU.Build.0 = Debug|Any CPU
		{9356CCE6-3ADB-4E80-8CCE-B72F5FF6C9D7}.Release|Any CPU.ActiveCfg = Release|Any CPU
		{9356CCE6-3ADB-4E80-8CCE-B72F5FF6C9D7}.Release|Any CPU.Build.0 = Release|Any CPU
	EndGlobalSection
	GlobalSection(SolutionProperties) = preSolution
		HideSolutionNode = FALSE
	EndGlobalSection
	GlobalSection(ExtensibilityGlobals) = postSolution
		SolutionGuid = {1ABB11E0-DCCB-41BE-A223-0DD8401012E5}
	EndGlobalSection
EndGlobal
